
Microsoft Visual Studio Solution File, Format Version 12.00
# Visual Studio Version 16
VisualStudioVersion = 16.0.29709.97
MinimumVisualStudioVersion = 10.0.40219.1
Project("{FAE04EC0-301F-11D3-BF4B-00C04F79EFBC}") = "PasswordsManager.UI", "PasswordsManager\PasswordsManager.UI.csproj", "{4D0EE130-D186-4CE3-8FE0-BBAE6C0E13BE}"
EndProject
Project("{FAE04EC0-301F-11D3-BF4B-00C04F79EFBC}") = "PasswordsManager.Cryptography", "PasswordsManager.Cryptography\PasswordsManager.Cryptography.csproj", "{6252CE47-DA65-4ECD-B8FE-C38C4F48B6ED}"
EndProject
Global
	GlobalSection(SolutionConfigurationPlatforms) = preSolution
		Debug|Any CPU = Debug|Any CPU
		Release|Any CPU = Release|Any CPU
	EndGlobalSection
	GlobalSection(ProjectConfigurationPlatforms) = postSolution
		{4D0EE130-D186-4CE3-8FE0-BBAE6C0E13BE}.Debug|Any CPU.ActiveCfg = Debug|Any CPU
		{4D0EE130-D186-4CE3-8FE0-BBAE6C0E13BE}.Debug|Any CPU.Build.0 = Debug|Any CPU
		{4D0EE130-D186-4CE3-8FE0-BBAE6C0E13BE}.Release|Any CPU.ActiveCfg = Release|Any CPU
		{4D0EE130-D186-4CE3-8FE0-BBAE6C0E13BE}.Release|Any CPU.Build.0 = Release|Any CPU
	EndGlobalSection
	GlobalSection(SolutionProperties) = preSolution
		HideSolutionNode = FALSE
	EndGlobalSection
	GlobalSection(ExtensibilityGlobals) = postSolution
		SolutionGuid = {1B9AF6E6-BEEC-4F79-826D-7F0564819E3A}
	EndGlobalSection
EndGlobal
